// !$*UTF8*$!
{
	archiveVersion = 1;
	classes = {
	};
	objectVersion = 77;
	objects = {

/* Begin PBXBuildFile section */
		1814907B2CC2C646001CF684 /* (null) in Frameworks */ = {isa = PBXBuildFile; };
		359F10E92CF1069100131997 /* Alamofire in Frameworks */ = {isa = PBXBuildFile; productRef = 359F10E82CF1069100131997 /* Alamofire */; };
		359F10EC2CF1075400131997 /* OpenAI in Frameworks */ = {isa = PBXBuildFile; productRef = 359F10EB2CF1075400131997 /* OpenAI */; };
		359F10EF2CF1083000131997 /* BottomSheet in Frameworks */ = {isa = PBXBuildFile; productRef = 359F10EE2CF1083000131997 /* BottomSheet */; };
		359F10F22CF108A300131997 /* Alamofire in Frameworks */ = {isa = PBXBuildFile; productRef = 359F10F12CF108A300131997 /* Alamofire */; };
		35D3F6A32CE2CAA80090C231 /* HealthWindAppIntents.appex in Embed ExtensionKit Extensions */ = {isa = PBXBuildFile; fileRef = 35D3F69A2CE2CAA80090C231 /* HealthWindAppIntents.appex */; settings = {ATTRIBUTES = (RemoveHeadersOnCopy, ); }; };
/* End PBXBuildFile section */

/* Begin PBXContainerItemProxy section */
		35D3F6A12CE2CAA80090C231 /* PBXContainerItemProxy */ = {
			isa = PBXContainerItemProxy;
			containerPortal = A75227F22CB72DCB00785B13 /* Project object */;
			proxyType = 1;
			remoteGlobalIDString = 35D3F6992CE2CAA80090C231;
			remoteInfo = HealthWindAppIntents;
		};
/* End PBXContainerItemProxy section */

/* Begin PBXCopyFilesBuildPhase section */
		35D3F6A82CE2CAA80090C231 /* Embed ExtensionKit Extensions */ = {
			isa = PBXCopyFilesBuildPhase;
			buildActionMask = 2147483647;
			dstPath = "$(EXTENSIONS_FOLDER_PATH)";
			dstSubfolderSpec = 16;
			files = (
				35D3F6A32CE2CAA80090C231 /* HealthWindAppIntents.appex in Embed ExtensionKit Extensions */,
			);
			name = "Embed ExtensionKit Extensions";
			runOnlyForDeploymentPostprocessing = 0;
		};
		35DD15DE2CF0ECBA00B1E230 /* Embed Watch Content */ = {
			isa = PBXCopyFilesBuildPhase;
			buildActionMask = 2147483647;
			dstPath = "$(CONTENTS_FOLDER_PATH)/Watch";
			dstSubfolderSpec = 16;
			files = (
			);
			name = "Embed Watch Content";
			runOnlyForDeploymentPostprocessing = 0;
		};
/* End PBXCopyFilesBuildPhase section */

/* Begin PBXFileReference section */
		359F10F82CF15A7000131997 /* WidgetKit.framework */ = {isa = PBXFileReference; lastKnownFileType = wrapper.framework; name = WidgetKit.framework; path = System/Library/Frameworks/WidgetKit.framework; sourceTree = SDKROOT; };
		359F10FA2CF15A7000131997 /* SwiftUI.framework */ = {isa = PBXFileReference; lastKnownFileType = wrapper.framework; name = SwiftUI.framework; path = System/Library/Frameworks/SwiftUI.framework; sourceTree = SDKROOT; };
		35D3F69A2CE2CAA80090C231 /* HealthWindAppIntents.appex */ = {isa = PBXFileReference; explicitFileType = "wrapper.extensionkit-extension"; includeInIndex = 0; path = HealthWindAppIntents.appex; sourceTree = BUILT_PRODUCTS_DIR; };
		A75227FA2CB72DCB00785B13 /* HealthWind.app */ = {isa = PBXFileReference; explicitFileType = wrapper.application; includeInIndex = 0; path = HealthWind.app; sourceTree = BUILT_PRODUCTS_DIR; };
/* End PBXFileReference section */

/* Begin PBXFileSystemSynchronizedBuildFileExceptionSet section */
		188F959E2CDC031F00A5FBFA /* Exceptions for "HealthWind" folder in "HealthWind" target */ = {
			isa = PBXFileSystemSynchronizedBuildFileExceptionSet;
			membershipExceptions = (
				Info.plist,
			);
			target = A75227F92CB72DCB00785B13 /* HealthWind */;
		};
		35D3F6A72CE2CAA80090C231 /* Exceptions for "HealthWindAppIntents" folder in "HealthWindAppIntents" target */ = {
			isa = PBXFileSystemSynchronizedBuildFileExceptionSet;
			membershipExceptions = (
				Info.plist,
			);
			target = 35D3F6992CE2CAA80090C231 /* HealthWindAppIntents */;
		};
		35DD15FA2CF0F9C800B1E230 /* Exceptions for "HealthWind" folder in "HealthWindAppIntents" target */ = {
			isa = PBXFileSystemSynchronizedBuildFileExceptionSet;
			membershipExceptions = (
				Models/AirQualityResponse.swift,
				ViewModels/Location/LocationViewModel.swift,
				ViewModels/Menu/AirQualityIndexViewModel.swift,
			);
			target = 35D3F6992CE2CAA80090C231 /* HealthWindAppIntents */;
		};
		35DD15FC2CF0FA5200B1E230 /* Exceptions for "HealthWindAppIntents" folder in "HealthWind" target */ = {
			isa = PBXFileSystemSynchronizedBuildFileExceptionSet;
			membershipExceptions = (
				FetchAirQualityIntent.swift,
				FetchDominantPollutantIntent.swift,
				HealthWindShortcuts.swift,
				OpenHealthWind.swift,
			);
			target = A75227F92CB72DCB00785B13 /* HealthWind */;
		};
/* End PBXFileSystemSynchronizedBuildFileExceptionSet section */

/* Begin PBXFileSystemSynchronizedRootGroup section */
		359F10FC2CF15A7000131997 /* WatchHealthWind */ = {
			isa = PBXFileSystemSynchronizedRootGroup;
			path = WatchHealthWind;
			sourceTree = "<group>";
		};
		359F11122CF2AE3200131997 /* Resources */ = {
			isa = PBXFileSystemSynchronizedRootGroup;
			path = Resources;
			sourceTree = "<group>";
		};
		35D3F69B2CE2CAA80090C231 /* HealthWindAppIntents */ = {
			isa = PBXFileSystemSynchronizedRootGroup;
			exceptions = (
				35DD15FC2CF0FA5200B1E230 /* Exceptions for "HealthWindAppIntents" folder in "HealthWind" target */,
				35D3F6A72CE2CAA80090C231 /* Exceptions for "HealthWindAppIntents" folder in "HealthWindAppIntents" target */,
			);
			path = HealthWindAppIntents;
			sourceTree = "<group>";
		};
		A75227FC2CB72DCB00785B13 /* HealthWind */ = {
			isa = PBXFileSystemSynchronizedRootGroup;
			exceptions = (
				188F959E2CDC031F00A5FBFA /* Exceptions for "HealthWind" folder in "HealthWind" target */,
				35DD15FA2CF0F9C800B1E230 /* Exceptions for "HealthWind" folder in "HealthWindAppIntents" target */,
			);
			path = HealthWind;
			sourceTree = "<group>";
		};
/* End PBXFileSystemSynchronizedRootGroup section */

/* Begin PBXFrameworksBuildPhase section */
		35D3F6972CE2CAA80090C231 /* Frameworks */ = {
			isa = PBXFrameworksBuildPhase;
			buildActionMask = 2147483647;
			files = (
				359F10F22CF108A300131997 /* Alamofire in Frameworks */,
			);
			runOnlyForDeploymentPostprocessing = 0;
		};
		A75227F72CB72DCB00785B13 /* Frameworks */ = {
			isa = PBXFrameworksBuildPhase;
			buildActionMask = 2147483647;
			files = (
				1814907B2CC2C646001CF684 /* (null) in Frameworks */,
				359F10EF2CF1083000131997 /* BottomSheet in Frameworks */,
				359F10EC2CF1075400131997 /* OpenAI in Frameworks */,
				359F10E92CF1069100131997 /* Alamofire in Frameworks */,
			);
			runOnlyForDeploymentPostprocessing = 0;
		};
/* End PBXFrameworksBuildPhase section */

/* Begin PBXGroup section */
		359F10F02CF108A300131997 /* Frameworks */ = {
			isa = PBXGroup;
			children = (
				359F10F82CF15A7000131997 /* WidgetKit.framework */,
				359F10FA2CF15A7000131997 /* SwiftUI.framework */,
			);
			name = Frameworks;
			sourceTree = "<group>";
		};
		A75227F12CB72DCB00785B13 = {
			isa = PBXGroup;
			children = (
				359F11122CF2AE3200131997 /* Resources */,
				A75227FC2CB72DCB00785B13 /* HealthWind */,
				35D3F69B2CE2CAA80090C231 /* HealthWindAppIntents */,
				359F10FC2CF15A7000131997 /* WatchHealthWind */,
				359F10F02CF108A300131997 /* Frameworks */,
				A75227FB2CB72DCB00785B13 /* Products */,
			);
			sourceTree = "<group>";
		};
		A75227FB2CB72DCB00785B13 /* Products */ = {
			isa = PBXGroup;
			children = (
				A75227FA2CB72DCB00785B13 /* HealthWind.app */,
				35D3F69A2CE2CAA80090C231 /* HealthWindAppIntents.appex */,
			);
			name = Products;
			sourceTree = "<group>";
		};
/* End PBXGroup section */

/* Begin PBXNativeTarget section */
		35D3F6992CE2CAA80090C231 /* HealthWindAppIntents */ = {
			isa = PBXNativeTarget;
			buildConfigurationList = 35D3F6A42CE2CAA80090C231 /* Build configuration list for PBXNativeTarget "HealthWindAppIntents" */;
			buildPhases = (
				35D3F6962CE2CAA80090C231 /* Sources */,
				35D3F6972CE2CAA80090C231 /* Frameworks */,
				35D3F6982CE2CAA80090C231 /* Resources */,
			);
			buildRules = (
			);
			dependencies = (
			);
			fileSystemSynchronizedGroups = (
				35D3F69B2CE2CAA80090C231 /* HealthWindAppIntents */,
			);
			name = HealthWindAppIntents;
			packageProductDependencies = (
				359F10F12CF108A300131997 /* Alamofire */,
			);
			productName = HealthWindAppIntents;
			productReference = 35D3F69A2CE2CAA80090C231 /* HealthWindAppIntents.appex */;
			productType = "com.apple.product-type.extensionkit-extension";
		};
		A75227F92CB72DCB00785B13 /* HealthWind */ = {
			isa = PBXNativeTarget;
			buildConfigurationList = A75228082CB72DCC00785B13 /* Build configuration list for PBXNativeTarget "HealthWind" */;
			buildPhases = (
				A75227F62CB72DCB00785B13 /* Sources */,
				A75227F72CB72DCB00785B13 /* Frameworks */,
				A75227F82CB72DCB00785B13 /* Resources */,
				35D3F6A82CE2CAA80090C231 /* Embed ExtensionKit Extensions */,
				35DD15DE2CF0ECBA00B1E230 /* Embed Watch Content */,
			);
			buildRules = (
			);
			dependencies = (
				35D3F6A22CE2CAA80090C231 /* PBXTargetDependency */,
			);
			fileSystemSynchronizedGroups = (
				359F11122CF2AE3200131997 /* Resources */,
				A75227FC2CB72DCB00785B13 /* HealthWind */,
			);
			name = HealthWind;
			packageProductDependencies = (
				359F10E82CF1069100131997 /* Alamofire */,
				359F10EB2CF1075400131997 /* OpenAI */,
				359F10EE2CF1083000131997 /* BottomSheet */,
			);
			productName = HealthWind;
			productReference = A75227FA2CB72DCB00785B13 /* HealthWind.app */;
			productType = "com.apple.product-type.application";
		};
/* End PBXNativeTarget section */

/* Begin PBXProject section */
		A75227F22CB72DCB00785B13 /* Project object */ = {
			isa = PBXProject;
			attributes = {
				BuildIndependentTargetsInParallel = 1;
				LastSwiftUpdateCheck = 1610;
				LastUpgradeCheck = 1600;
				TargetAttributes = {
					35D3F6992CE2CAA80090C231 = {
						CreatedOnToolsVersion = 16.1;
					};
					A75227F92CB72DCB00785B13 = {
						CreatedOnToolsVersion = 16.0;
					};
				};
			};
			buildConfigurationList = A75227F52CB72DCB00785B13 /* Build configuration list for PBXProject "HealthWind" */;
			developmentRegion = es;
			hasScannedForEncodings = 0;
			knownRegions = (
				en,
				Base,
				es,
			);
			mainGroup = A75227F12CB72DCB00785B13;
			minimizedProjectReferenceProxies = 1;
			packageReferences = (
				359F10E72CF1069100131997 /* XCRemoteSwiftPackageReference "Alamofire" */,
				359F10EA2CF1075400131997 /* XCRemoteSwiftPackageReference "OpenAI" */,
				359F10ED2CF1083000131997 /* XCRemoteSwiftPackageReference "BottomSheet" */,
			);
			preferredProjectObjectVersion = 77;
			productRefGroup = A75227FB2CB72DCB00785B13 /* Products */;
			projectDirPath = "";
			projectRoot = "";
			targets = (
				A75227F92CB72DCB00785B13 /* HealthWind */,
				35D3F6992CE2CAA80090C231 /* HealthWindAppIntents */,
			);
		};
/* End PBXProject section */

/* Begin PBXResourcesBuildPhase section */
		35D3F6982CE2CAA80090C231 /* Resources */ = {
			isa = PBXResourcesBuildPhase;
			buildActionMask = 2147483647;
			files = (
			);
			runOnlyForDeploymentPostprocessing = 0;
		};
		A75227F82CB72DCB00785B13 /* Resources */ = {
			isa = PBXResourcesBuildPhase;
			buildActionMask = 2147483647;
			files = (
			);
			runOnlyForDeploymentPostprocessing = 0;
		};
/* End PBXResourcesBuildPhase section */

/* Begin PBXSourcesBuildPhase section */
		35D3F6962CE2CAA80090C231 /* Sources */ = {
			isa = PBXSourcesBuildPhase;
			buildActionMask = 2147483647;
			files = (
			);
			runOnlyForDeploymentPostprocessing = 0;
		};
		A75227F62CB72DCB00785B13 /* Sources */ = {
			isa = PBXSourcesBuildPhase;
			buildActionMask = 2147483647;
			files = (
			);
			runOnlyForDeploymentPostprocessing = 0;
		};
/* End PBXSourcesBuildPhase section */

/* Begin PBXTargetDependency section */
		35D3F6A22CE2CAA80090C231 /* PBXTargetDependency */ = {
			isa = PBXTargetDependency;
			target = 35D3F6992CE2CAA80090C231 /* HealthWindAppIntents */;
			targetProxy = 35D3F6A12CE2CAA80090C231 /* PBXContainerItemProxy */;
		};
/* End PBXTargetDependency section */

/* Begin XCBuildConfiguration section */
		35D3F6A52CE2CAA80090C231 /* Debug */ = {
			isa = XCBuildConfiguration;
			buildSettings = {
				CODE_SIGN_STYLE = Automatic;
				CURRENT_PROJECT_VERSION = 1;
				DEVELOPMENT_TEAM = KT3N47DD46;
				GENERATE_INFOPLIST_FILE = YES;
				INFOPLIST_FILE = HealthWindAppIntents/Info.plist;
				INFOPLIST_KEY_CFBundleDisplayName = HealthWindAppIntents;
				INFOPLIST_KEY_NSHumanReadableCopyright = "";
				INFOPLIST_KEY_NSLocationAlwaysAndWhenInUseUsageDescription = "";
				INFOPLIST_KEY_NSSiriUsageDescription = "Necesitamos Siri para controlar la app HealthWind mediante comandos de voz y proporcionar información sobre la calidad del aire y otros servicios.";
				IPHONEOS_DEPLOYMENT_TARGET = 18.0;
				LD_RUNPATH_SEARCH_PATHS = (
					"$(inherited)",
					"@executable_path/Frameworks",
					"@executable_path/../../Frameworks",
				);
				MARKETING_VERSION = 1.0;
				PRODUCT_BUNDLE_IDENTIFIER = "-D6SN689HL.com.leonardo.HealthWindfa.AppIntents";
				PRODUCT_NAME = "$(TARGET_NAME)";
				SKIP_INSTALL = YES;
				SWIFT_EMIT_LOC_STRINGS = YES;
				SWIFT_VERSION = 5.0;
				TARGETED_DEVICE_FAMILY = "1,2";
			};
			name = Debug;
		};
		35D3F6A62CE2CAA80090C231 /* Release */ = {
			isa = XCBuildConfiguration;
			buildSettings = {
				CODE_SIGN_STYLE = Automatic;
				CURRENT_PROJECT_VERSION = 1;
				DEVELOPMENT_TEAM = KT3N47DD46;
				GENERATE_INFOPLIST_FILE = YES;
				INFOPLIST_FILE = HealthWindAppIntents/Info.plist;
				INFOPLIST_KEY_CFBundleDisplayName = HealthWindAppIntents;
				INFOPLIST_KEY_NSHumanReadableCopyright = "";
				INFOPLIST_KEY_NSLocationAlwaysAndWhenInUseUsageDescription = "";
				INFOPLIST_KEY_NSSiriUsageDescription = "Necesitamos Siri para controlar la app HealthWind mediante comandos de voz y proporcionar información sobre la calidad del aire y otros servicios.";
				IPHONEOS_DEPLOYMENT_TARGET = 18.0;
				LD_RUNPATH_SEARCH_PATHS = (
					"$(inherited)",
					"@executable_path/Frameworks",
					"@executable_path/../../Frameworks",
				);
				MARKETING_VERSION = 1.0;
				PRODUCT_BUNDLE_IDENTIFIER = "-D6SN689HL.com.leonardo.HealthWindfa.AppIntents";
				PRODUCT_NAME = "$(TARGET_NAME)";
				SKIP_INSTALL = YES;
				SWIFT_EMIT_LOC_STRINGS = YES;
				SWIFT_VERSION = 5.0;
				TARGETED_DEVICE_FAMILY = "1,2";
			};
			name = Release;
		};
		A75228062CB72DCC00785B13 /* Debug */ = {
			isa = XCBuildConfiguration;
			buildSettings = {
				ALWAYS_SEARCH_USER_PATHS = NO;
				ASSETCATALOG_COMPILER_GENERATE_SWIFT_ASSET_SYMBOL_EXTENSIONS = YES;
				CLANG_ANALYZER_NONNULL = YES;
				CLANG_ANALYZER_NUMBER_OBJECT_CONVERSION = YES_AGGRESSIVE;
				CLANG_CXX_LANGUAGE_STANDARD = "gnu++20";
				CLANG_ENABLE_MODULES = YES;
				CLANG_ENABLE_OBJC_ARC = YES;
				CLANG_ENABLE_OBJC_WEAK = YES;
				CLANG_WARN_BLOCK_CAPTURE_AUTORELEASING = YES;
				CLANG_WARN_BOOL_CONVERSION = YES;
				CLANG_WARN_COMMA = YES;
				CLANG_WARN_CONSTANT_CONVERSION = YES;
				CLANG_WARN_DEPRECATED_OBJC_IMPLEMENTATIONS = YES;
				CLANG_WARN_DIRECT_OBJC_ISA_USAGE = YES_ERROR;
				CLANG_WARN_DOCUMENTATION_COMMENTS = YES;
				CLANG_WARN_EMPTY_BODY = YES;
				CLANG_WARN_ENUM_CONVERSION = YES;
				CLANG_WARN_INFINITE_RECURSION = YES;
				CLANG_WARN_INT_CONVERSION = YES;
				CLANG_WARN_NON_LITERAL_NULL_CONVERSION = YES;
				CLANG_WARN_OBJC_IMPLICIT_RETAIN_SELF = YES;
				CLANG_WARN_OBJC_LITERAL_CONVERSION = YES;
				CLANG_WARN_OBJC_ROOT_CLASS = YES_ERROR;
				CLANG_WARN_QUOTED_INCLUDE_IN_FRAMEWORK_HEADER = YES;
				CLANG_WARN_RANGE_LOOP_ANALYSIS = YES;
				CLANG_WARN_STRICT_PROTOTYPES = YES;
				CLANG_WARN_SUSPICIOUS_MOVE = YES;
				CLANG_WARN_UNGUARDED_AVAILABILITY = YES_AGGRESSIVE;
				CLANG_WARN_UNREACHABLE_CODE = YES;
				CLANG_WARN__DUPLICATE_METHOD_MATCH = YES;
				COPY_PHASE_STRIP = NO;
				DEBUG_INFORMATION_FORMAT = dwarf;
				ENABLE_STRICT_OBJC_MSGSEND = YES;
				ENABLE_TESTABILITY = YES;
				ENABLE_USER_SCRIPT_SANDBOXING = YES;
				GCC_C_LANGUAGE_STANDARD = gnu17;
				GCC_DYNAMIC_NO_PIC = NO;
				GCC_NO_COMMON_BLOCKS = YES;
				GCC_OPTIMIZATION_LEVEL = 0;
				GCC_PREPROCESSOR_DEFINITIONS = (
					"DEBUG=1",
					"$(inherited)",
				);
				GCC_WARN_64_TO_32_BIT_CONVERSION = YES;
				GCC_WARN_ABOUT_RETURN_TYPE = YES_ERROR;
				GCC_WARN_UNDECLARED_SELECTOR = YES;
				GCC_WARN_UNINITIALIZED_AUTOS = YES_AGGRESSIVE;
				GCC_WARN_UNUSED_FUNCTION = YES;
				GCC_WARN_UNUSED_VARIABLE = YES;
				INFOPLIST_KEY_NSLocationAlwaysAndWhenInUseUsageDescription = "";
				IPHONEOS_DEPLOYMENT_TARGET = 18.0;
				LOCALIZATION_PREFERS_STRING_CATALOGS = YES;
				MTL_ENABLE_DEBUG_INFO = INCLUDE_SOURCE;
				MTL_FAST_MATH = YES;
				ONLY_ACTIVE_ARCH = YES;
				SDKROOT = iphoneos;
				SWIFT_ACTIVE_COMPILATION_CONDITIONS = "DEBUG $(inherited)";
				SWIFT_OPTIMIZATION_LEVEL = "-Onone";
			};
			name = Debug;
		};
		A75228072CB72DCC00785B13 /* Release */ = {
			isa = XCBuildConfiguration;
			buildSettings = {
				ALWAYS_SEARCH_USER_PATHS = NO;
				ASSETCATALOG_COMPILER_GENERATE_SWIFT_ASSET_SYMBOL_EXTENSIONS = YES;
				CLANG_ANALYZER_NONNULL = YES;
				CLANG_ANALYZER_NUMBER_OBJECT_CONVERSION = YES_AGGRESSIVE;
				CLANG_CXX_LANGUAGE_STANDARD = "gnu++20";
				CLANG_ENABLE_MODULES = YES;
				CLANG_ENABLE_OBJC_ARC = YES;
				CLANG_ENABLE_OBJC_WEAK = YES;
				CLANG_WARN_BLOCK_CAPTURE_AUTORELEASING = YES;
				CLANG_WARN_BOOL_CONVERSION = YES;
				CLANG_WARN_COMMA = YES;
				CLANG_WARN_CONSTANT_CONVERSION = YES;
				CLANG_WARN_DEPRECATED_OBJC_IMPLEMENTATIONS = YES;
				CLANG_WARN_DIRECT_OBJC_ISA_USAGE = YES_ERROR;
				CLANG_WARN_DOCUMENTATION_COMMENTS = YES;
				CLANG_WARN_EMPTY_BODY = YES;
				CLANG_WARN_ENUM_CONVERSION = YES;
				CLANG_WARN_INFINITE_RECURSION = YES;
				CLANG_WARN_INT_CONVERSION = YES;
				CLANG_WARN_NON_LITERAL_NULL_CONVERSION = YES;
				CLANG_WARN_OBJC_IMPLICIT_RETAIN_SELF = YES;
				CLANG_WARN_OBJC_LITERAL_CONVERSION = YES;
				CLANG_WARN_OBJC_ROOT_CLASS = YES_ERROR;
				CLANG_WARN_QUOTED_INCLUDE_IN_FRAMEWORK_HEADER = YES;
				CLANG_WARN_RANGE_LOOP_ANALYSIS = YES;
				CLANG_WARN_STRICT_PROTOTYPES = YES;
				CLANG_WARN_SUSPICIOUS_MOVE = YES;
				CLANG_WARN_UNGUARDED_AVAILABILITY = YES_AGGRESSIVE;
				CLANG_WARN_UNREACHABLE_CODE = YES;
				CLANG_WARN__DUPLICATE_METHOD_MATCH = YES;
				COPY_PHASE_STRIP = NO;
				DEBUG_INFORMATION_FORMAT = "dwarf-with-dsym";
				ENABLE_NS_ASSERTIONS = NO;
				ENABLE_STRICT_OBJC_MSGSEND = YES;
				ENABLE_USER_SCRIPT_SANDBOXING = YES;
				GCC_C_LANGUAGE_STANDARD = gnu17;
				GCC_NO_COMMON_BLOCKS = YES;
				GCC_WARN_64_TO_32_BIT_CONVERSION = YES;
				GCC_WARN_ABOUT_RETURN_TYPE = YES_ERROR;
				GCC_WARN_UNDECLARED_SELECTOR = YES;
				GCC_WARN_UNINITIALIZED_AUTOS = YES_AGGRESSIVE;
				GCC_WARN_UNUSED_FUNCTION = YES;
				GCC_WARN_UNUSED_VARIABLE = YES;
				INFOPLIST_KEY_NSLocationAlwaysAndWhenInUseUsageDescription = "";
				IPHONEOS_DEPLOYMENT_TARGET = 18.0;
				LOCALIZATION_PREFERS_STRING_CATALOGS = YES;
				MTL_ENABLE_DEBUG_INFO = NO;
				MTL_FAST_MATH = YES;
				SDKROOT = iphoneos;
				SWIFT_COMPILATION_MODE = wholemodule;
				VALIDATE_PRODUCT = YES;
			};
			name = Release;
		};
		A75228092CB72DCC00785B13 /* Debug */ = {
			isa = XCBuildConfiguration;
			buildSettings = {
				ASSETCATALOG_COMPILER_APPICON_NAME = AppIcon;
				ASSETCATALOG_COMPILER_GLOBAL_ACCENT_COLOR_NAME = AccentColor;
				CODE_SIGN_STYLE = Automatic;
				CURRENT_PROJECT_VERSION = 1;
				DEVELOPMENT_ASSET_PATHS = "\"HealthWind/Preview Content\"";
				DEVELOPMENT_TEAM = KT3N47DD46;
				ENABLE_PREVIEWS = YES;
				GENERATE_INFOPLIST_FILE = YES;
				INFOPLIST_FILE = HealthWind/Info.plist;
				INFOPLIST_KEY_NSCameraUsageDescription = "This app needs access to the camera to take photos for environmental reporting.";
				INFOPLIST_KEY_NSLocationAlwaysAndWhenInUseUsageDescription = "Se necesita acceso a tu ubicación en todo momento para funcionalidades avanzadas.";
				INFOPLIST_KEY_NSLocationUsageDescription = "La app necesita tu ubicación para ofrecer datos de calidad de aire basados en tu ubicación actual.";
				INFOPLIST_KEY_NSLocationWhenInUseUsageDescription = "Se necesita acceso a tu ubicación para mostrar el índice de contaminación del aire.";
				INFOPLIST_KEY_NSSiriUsageDescription = "HealthWind necesita acceso a Siri para procesar comandos de voz sobre la calidad del aire.";
				INFOPLIST_KEY_UIApplicationSceneManifest_Generation = YES;
				INFOPLIST_KEY_UIApplicationSupportsIndirectInputEvents = YES;
				INFOPLIST_KEY_UILaunchScreen_Generation = YES;
				INFOPLIST_KEY_UISupportedInterfaceOrientations_iPad = "UIInterfaceOrientationPortrait UIInterfaceOrientationPortraitUpsideDown UIInterfaceOrientationLandscapeLeft UIInterfaceOrientationLandscapeRight";
				INFOPLIST_KEY_UISupportedInterfaceOrientations_iPhone = "UIInterfaceOrientationPortrait UIInterfaceOrientationLandscapeLeft UIInterfaceOrientationLandscapeRight";
				IPHONEOS_DEPLOYMENT_TARGET = 18.0;
				LD_RUNPATH_SEARCH_PATHS = (
					"$(inherited)",
					"@executable_path/Frameworks",
				);
				MARKETING_VERSION = 1.0;
				PRODUCT_BUNDLE_IDENTIFIER = "-D6SN689HL.com.leonardo.HealthWindfa";
				PRODUCT_NAME = "$(TARGET_NAME)";
				SWIFT_EMIT_LOC_STRINGS = YES;
				SWIFT_VERSION = 5.0;
				TARGETED_DEVICE_FAMILY = "1,2";
			};
			name = Debug;
		};
		A752280A2CB72DCC00785B13 /* Release */ = {
			isa = XCBuildConfiguration;
			buildSettings = {
				ASSETCATALOG_COMPILER_APPICON_NAME = AppIcon;
				ASSETCATALOG_COMPILER_GLOBAL_ACCENT_COLOR_NAME = AccentColor;
				CODE_SIGN_STYLE = Automatic;
				CURRENT_PROJECT_VERSION = 1;
				DEVELOPMENT_ASSET_PATHS = "\"HealthWind/Preview Content\"";
				DEVELOPMENT_TEAM = KT3N47DD46;
				ENABLE_PREVIEWS = YES;
				GENERATE_INFOPLIST_FILE = YES;
				INFOPLIST_FILE = HealthWind/Info.plist;
				INFOPLIST_KEY_NSCameraUsageDescription = "This app needs access to the camera to take photos for environmental reporting.";
				INFOPLIST_KEY_NSLocationAlwaysAndWhenInUseUsageDescription = "Se necesita acceso a tu ubicación en todo momento para funcionalidades avanzadas.";
				INFOPLIST_KEY_NSLocationUsageDescription = "La app necesita tu ubicación para ofrecer datos de calidad de aire basados en tu ubicación actual.";
				INFOPLIST_KEY_NSLocationWhenInUseUsageDescription = "Se necesita acceso a tu ubicación para mostrar el índice de contaminación del aire.";
				INFOPLIST_KEY_NSSiriUsageDescription = "HealthWind necesita acceso a Siri para procesar comandos de voz sobre la calidad del aire.";
				INFOPLIST_KEY_UIApplicationSceneManifest_Generation = YES;
				INFOPLIST_KEY_UIApplicationSupportsIndirectInputEvents = YES;
				INFOPLIST_KEY_UILaunchScreen_Generation = YES;
				INFOPLIST_KEY_UISupportedInterfaceOrientations_iPad = "UIInterfaceOrientationPortrait UIInterfaceOrientationPortraitUpsideDown UIInterfaceOrientationLandscapeLeft UIInterfaceOrientationLandscapeRight";
				INFOPLIST_KEY_UISupportedInterfaceOrientations_iPhone = "UIInterfaceOrientationPortrait UIInterfaceOrientationLandscapeLeft UIInterfaceOrientationLandscapeRight";
				IPHONEOS_DEPLOYMENT_TARGET = 18.0;
				LD_RUNPATH_SEARCH_PATHS = (
					"$(inherited)",
					"@executable_path/Frameworks",
				);
				MARKETING_VERSION = 1.0;
				PRODUCT_BUNDLE_IDENTIFIER = "-D6SN689HL.com.leonardo.HealthWindfa";
				PRODUCT_NAME = "$(TARGET_NAME)";
				SWIFT_EMIT_LOC_STRINGS = YES;
				SWIFT_VERSION = 5.0;
				TARGETED_DEVICE_FAMILY = "1,2";
			};
			name = Release;
		};
/* End XCBuildConfiguration section */

/* Begin XCConfigurationList section */
		35D3F6A42CE2CAA80090C231 /* Build configuration list for PBXNativeTarget "HealthWindAppIntents" */ = {
			isa = XCConfigurationList;
			buildConfigurations = (
				35D3F6A52CE2CAA80090C231 /* Debug */,
				35D3F6A62CE2CAA80090C231 /* Release */,
			);
			defaultConfigurationIsVisible = 0;
			defaultConfigurationName = Release;
		};
		A75227F52CB72DCB00785B13 /* Build configuration list for PBXProject "HealthWind" */ = {
			isa = XCConfigurationList;
			buildConfigurations = (
				A75228062CB72DCC00785B13 /* Debug */,
				A75228072CB72DCC00785B13 /* Release */,
			);
			defaultConfigurationIsVisible = 0;
			defaultConfigurationName = Release;
		};
		A75228082CB72DCC00785B13 /* Build configuration list for PBXNativeTarget "HealthWind" */ = {
			isa = XCConfigurationList;
			buildConfigurations = (
				A75228092CB72DCC00785B13 /* Debug */,
				A752280A2CB72DCC00785B13 /* Release */,
			);
			defaultConfigurationIsVisible = 0;
			defaultConfigurationName = Release;
		};
/* End XCConfigurationList section */

/* Begin XCRemoteSwiftPackageReference section */
		359F10E72CF1069100131997 /* XCRemoteSwiftPackageReference "Alamofire" */ = {
			isa = XCRemoteSwiftPackageReference;
			repositoryURL = "https://github.com/Alamofire/Alamofire.git";
			requirement = {
				kind = upToNextMajorVersion;
				minimumVersion = 5.10.1;
			};
		};
		359F10EA2CF1075400131997 /* XCRemoteSwiftPackageReference "OpenAI" */ = {
			isa = XCRemoteSwiftPackageReference;
			repositoryURL = "https://github.com/MacPaw/OpenAI.git";
			requirement = {
				kind = upToNextMajorVersion;
				minimumVersion = 0.3.0;
			};
		};
		359F10ED2CF1083000131997 /* XCRemoteSwiftPackageReference "BottomSheet" */ = {
			isa = XCRemoteSwiftPackageReference;
			repositoryURL = "https://github.com/lucaszischka/BottomSheet.git";
			requirement = {
				kind = upToNextMajorVersion;
				minimumVersion = 3.1.1;
			};
		};
/* End XCRemoteSwiftPackageReference section */

/* Begin XCSwiftPackageProductDependency section */
		359F10E82CF1069100131997 /* Alamofire */ = {
			isa = XCSwiftPackageProductDependency;
			package = 359F10E72CF1069100131997 /* XCRemoteSwiftPackageReference "Alamofire" */;
			productName = Alamofire;
		};
		359F10EB2CF1075400131997 /* OpenAI */ = {
			isa = XCSwiftPackageProductDependency;
			package = 359F10EA2CF1075400131997 /* XCRemoteSwiftPackageReference "OpenAI" */;
			productName = OpenAI;
		};
		359F10EE2CF1083000131997 /* BottomSheet */ = {
			isa = XCSwiftPackageProductDependency;
			package = 359F10ED2CF1083000131997 /* XCRemoteSwiftPackageReference "BottomSheet" */;
			productName = BottomSheet;
		};
		359F10F12CF108A300131997 /* Alamofire */ = {
			isa = XCSwiftPackageProductDependency;
			package = 359F10E72CF1069100131997 /* XCRemoteSwiftPackageReference "Alamofire" */;
			productName = Alamofire;
		};
/* End XCSwiftPackageProductDependency section */
	};
	rootObject = A75227F22CB72DCB00785B13 /* Project object */;
}
